<?xml version="1.0" encoding="utf-8"?>
<Project ToolsVersion="4.0" xmlns="http://schemas.microsoft.com/developer/msbuild/2003">
  <ItemGroup>
    <Filter Include="Source Files">
      <UniqueIdentifier>{f1b8c55e-3036-426d-898e-d6f74c4d828f}</UniqueIdentifier>
      <Extensions>cpp;c;cxx;rc;def;r;odl;idl;hpj;bat</Extensions>
    </Filter>
    <Filter Include="Header Files">
      <UniqueIdentifier>{87f8a2dc-bb5c-4499-a362-c9a484746510}</UniqueIdentifier>
      <Extensions>h;hpp;hxx;hm;inl</Extensions>
    </Filter>
    <Filter Include="Resource Files">
      <UniqueIdentifier>{371bc169-4232-494e-8b56-4e532c01b6e0}</UniqueIdentifier>
      <Extensions>ico;cur;bmp;dlg;rc2;rct;bin;rgs;gif;jpg;jpeg;jpe</Extensions>
    </Filter>
  </ItemGroup>
  <ItemGroup>
    <ClCompile Include="source\commands.cpp">
      <Filter>Source Files</Filter>
    </ClCompile>
    <ClCompile Include="source\encrypt.cpp">
      <Filter>Source Files</Filter>
    </ClCompile>
    <ClCompile Include="source\help.cpp">
      <Filter>Source Files</Filter>
    </ClCompile>
    <ClCompile Include="source\HOTKEYP.cpp">
      <Filter>Source Files</Filter>
    </ClCompile>
    <ClCompile Include="source\joystick.cpp">
      <Filter>Source Files</Filter>
    </ClCompile>
    <ClCompile Include="source\keys.cpp">
      <Filter>Source Files</Filter>
    </ClCompile>
    <ClCompile Include="source\lang.cpp">
      <Filter>Source Files</Filter>
    </ClCompile>
    <ClCompile Include="source\rmdrive.cpp">
      <Filter>Source Files</Filter>
    </ClCompile>
    <ClCompile Include="source\trayicon.cpp">
      <Filter>Source Files</Filter>
    </ClCompile>
    <ClCompile Include="source\volume.cpp">
      <Filter>Source Files</Filter>
    </ClCompile>
    <ClCompile Include="source\winlirc.cpp">
      <Filter>Source Files</Filter>
    </ClCompile>
    <ClCompile Include="source\abortable.cpp">
      <Filter>Source Files</Filter>
    </ClCompile>
    <ClCompile Include="source\utl.cpp">
      <Filter>Source Files</Filter>
    </ClCompile>
    <ClCompile Include="source\DropTarget.cpp">
      <Filter>Source Files</Filter>
    </ClCompile>
  </ItemGroup>
  <ItemGroup>
    <ResourceCompile Include="source\hotkeyp.rc">
      <Filter>Source Files</Filter>
    </ResourceCompile>
  </ItemGroup>
  <ItemGroup>
    <ClInclude Include="source\hdr.h">
      <Filter>Header Files</Filter>
    </ClInclude>
    <ClInclude Include="source\hotkeyp.h">
      <Filter>Header Files</Filter>
    </ClInclude>
    <ClInclude Include="source\lang.h">
      <Filter>Header Files</Filter>
    </ClInclude>
    <ClInclude Include="source\resource.h">
      <Filter>Header Files</Filter>
    </ClInclude>
    <ClInclude Include="source\trayicon.h">
      <Filter>Header Files</Filter>
    </ClInclude>
    <ClInclude Include="source\vistavol.h">
      <Filter>Header Files</Filter>
    </ClInclude>
    <ClInclude Include="source\DropTarget.h">
      <Filter>Header Files</Filter>
    </ClInclude>
  </ItemGroup>
  <ItemGroup>
    <None Include="source\ascdesc.bmp">
      <Filter>Resource Files</Filter>
    </None>
    <None Include="source\down.ico">
      <Filter>Resource Files</Filter>
    </None>
    <None Include="source\ico5.ico">
      <Filter>Resource Files</Filter>
    </None>
    <None Include="source\ico6.ico">
      <Filter>Resource Files</Filter>
    </None>
    <None Include="source\ico7.ico">
      <Filter>Resource Files</Filter>
    </None>
    <None Include="source\ico8.ico">
      <Filter>Resource Files</Filter>
    </None>
    <None Include="source\icons.bmp">
      <Filter>Resource Files</Filter>
    </None>
    <None Include="source\keys.ico">
      <Filter>Resource Files</Filter>
    </None>
    <None Include="source\keys2.ico">
      <Filter>Resource Files</Filter>
    </None>
    <None Include="source\up.ico">
      <Filter>Resource Files</Filter>
    </None>
  </ItemGroup>
  <ItemGroup>
    <Image Include="source\ico9.ico">
      <Filter>Resource Files</Filter>
    </Image>
  </ItemGroup>
  <ItemGroup>
    <Manifest Include="source\HotkeyP.exe.manifest" />
  </ItemGroup>
</Project>