Microsoft Visual Studio Solution File, Format Version 12.00
# Visual Studio 2013
VisualStudioVersion = 12.0.40629.0
MinimumVisualStudioVersion = 10.0.40219.1
Project("{8BC9CEB8-8B4A-11D0-8D11-00A0C91BC942}") = "hook", "hook.vcxproj", "{44604F0E-A2BF-48BF-BD2A-1CF9A002395A}"
EndProject
Project("{8BC9CEB8-8B4A-11D0-8D11-00A0C91BC942}") = "hotkeyp", "hotkeyp.vcxproj", "{C2C03DD4-8923-40E0-9545-69FCFA1DB9DF}"
EndProject
Project("{8BC9CEB8-8B4A-11D0-8D11-00A0C91BC942}") = "spy", "spy.vcxproj", "{FC026265-FF93-49E2-B657-18FA728B3235}"
EndProject
Project("{8BC9CEB8-8B4A-11D0-8D11-00A0C91BC942}") = "spy64", "spy64.vcxproj", "{AE775FD5-85BE-451F-97C4-1BEE13718EC1}"
EndProject
Global
	GlobalSection(SolutionConfigurationPlatforms) = preSolution
		Debug no hook|Win32 = Debug no hook|Win32
		Debug no hook|x64 = Debug no hook|x64
		Debug|Win32 = Debug|Win32
		Debug|x64 = Debug|x64
		Release|Win32 = Release|Win32
		Release|x64 = Release|x64
	EndGlobalSection
	GlobalSection(ProjectConfigurationPlatforms) = postSolution
		{44604F0E-A2BF-48BF-BD2A-1CF9A002395A}.Debug no hook|Win32.ActiveCfg = Release|Win32
		{44604F0E-A2BF-48BF-BD2A-1CF9A002395A}.Debug no hook|x64.ActiveCfg = Release|x64
		{44604F0E-A2BF-48BF-BD2A-1CF9A002395A}.Debug|Win32.ActiveCfg = Release|Win32
		{44604F0E-A2BF-48BF-BD2A-1CF9A002395A}.Debug|x64.ActiveCfg = Release|x64
		{44604F0E-A2BF-48BF-BD2A-1CF9A002395A}.Release|Win32.ActiveCfg = Release|Win32
		{44604F0E-A2BF-48BF-BD2A-1CF9A002395A}.Release|x64.ActiveCfg = Release|x64
		{C2C03DD4-8923-40E0-9545-69FCFA1DB9DF}.Debug no hook|Win32.ActiveCfg = Debug no hook|Win32
		{C2C03DD4-8923-40E0-9545-69FCFA1DB9DF}.Debug no hook|Win32.Build.0 = Debug no hook|Win32
		{C2C03DD4-8923-40E0-9545-69FCFA1DB9DF}.Debug no hook|x64.ActiveCfg = Debug no hook|x64
		{C2C03DD4-8923-40E0-9545-69FCFA1DB9DF}.Debug no hook|x64.Build.0 = Debug no hook|x64
		{C2C03DD4-8923-40E0-9545-69FCFA1DB9DF}.Debug|Win32.ActiveCfg = Debug|Win32
		{C2C03DD4-8923-40E0-9545-69FCFA1DB9DF}.Debug|Win32.Build.0 = Debug|Win32
		{C2C03DD4-8923-40E0-9545-69FCFA1DB9DF}.Debug|x64.ActiveCfg = Debug|x64
		{C2C03DD4-8923-40E0-9545-69FCFA1DB9DF}.Debug|x64.Build.0 = Debug|x64
		{C2C03DD4-8923-40E0-9545-69FCFA1DB9DF}.Release|Win32.ActiveCfg = Release|Win32
		{C2C03DD4-8923-40E0-9545-69FCFA1DB9DF}.Release|Win32.Build.0 = Release|Win32
		{C2C03DD4-8923-40E0-9545-69FCFA1DB9DF}.Release|x64.ActiveCfg = Release|x64
		{C2C03DD4-8923-40E0-9545-69FCFA1DB9DF}.Release|x64.Build.0 = Release|x64
		{FC026265-FF93-49E2-B657-18FA728B3235}.Debug no hook|Win32.ActiveCfg = Debug|Win32
		{FC026265-FF93-49E2-B657-18FA728B3235}.Debug no hook|x64.ActiveCfg = Debug|Win32
		{FC026265-FF93-49E2-B657-18FA728B3235}.Debug|Win32.ActiveCfg = Debug|Win32
		{FC026265-FF93-49E2-B657-18FA728B3235}.Debug|x64.ActiveCfg = Debug|Win32
		{FC026265-FF93-49E2-B657-18FA728B3235}.Release|Win32.ActiveCfg = Release|Win32
		{FC026265-FF93-49E2-B657-18FA728B3235}.Release|x64.ActiveCfg = Release|Win32
		{AE775FD5-85BE-451F-97C4-1BEE13718EC1}.Debug no hook|Win32.ActiveCfg = Debug|x64
		{AE775FD5-85BE-451F-97C4-1BEE13718EC1}.Debug no hook|x64.ActiveCfg = Debug|x64
		{AE775FD5-85BE-451F-97C4-1BEE13718EC1}.Debug|Win32.ActiveCfg = Debug|x64
		{AE775FD5-85BE-451F-97C4-1BEE13718EC1}.Debug|x64.ActiveCfg = Debug|x64
		{AE775FD5-85BE-451F-97C4-1BEE13718EC1}.Release|Win32.ActiveCfg = Release|x64
		{AE775FD5-85BE-451F-97C4-1BEE13718EC1}.Release|x64.ActiveCfg = Release|x64
	EndGlobalSection
	GlobalSection(SolutionProperties) = preSolution
		HideSolutionNode = FALSE
	EndGlobalSection
EndGlobal
